
Microsoft Visual Studio Solution File, Format Version 12.00
# Visual Studio 15
VisualStudioVersion = 15.0.27703.2000
MinimumVisualStudioVersion = 10.0.40219.1
Project("{FAE04EC0-301F-11D3-BF4B-00C04F79EFBC}") = "PassportsUWP", "PassportsUWP\PassportsUWP.csproj", "{AB3D37A1-FD38-4262-86EF-A74F78108BE7}"
EndProject
Project("{FAE04EC0-301F-11D3-BF4B-00C04F79EFBC}") = "HelperLibrary", "HelperLibrary\HelperLibrary.csproj", "{60EBA2C8-2025-4338-B2B0-373DA77AE3F5}"
EndProject
Project("{FAE04EC0-301F-11D3-BF4B-00C04F79EFBC}") = "VisaCheck.Android", "VisaCheck\VisaCheck.Android\VisaCheck.Android.csproj", "{58B714A3-9384-468B-9A92-E6EF74814151}"
EndProject
Project("{D954291E-2A0B-460D-934E-DC6B0785DB48}") = "VisaCheck", "VisaCheck\VisaCheck\VisaCheck.shproj", "{7E162033-039C-439F-9C49-1AF9192FF7A1}"
EndProject
Global
	GlobalSection(SharedMSBuildProjectFiles) = preSolution
		VisaCheck\VisaCheck\VisaCheck.projitems*{58b714a3-9384-468b-9a92-e6ef74814151}*SharedItemsImports = 4
		VisaCheck\VisaCheck\VisaCheck.projitems*{7e162033-039c-439f-9c49-1af9192ff7a1}*SharedItemsImports = 13
	EndGlobalSection
	GlobalSection(SolutionConfigurationPlatforms) = preSolution
		Debug|Any CPU = Debug|Any CPU
		Debug|ARM = Debug|ARM
		Debug|x64 = Debug|x64
		Debug|x86 = Debug|x86
		Release|Any CPU = Release|Any CPU
		Release|ARM = Release|ARM
		Release|x64 = Release|x64
		Release|x86 = Release|x86
	EndGlobalSection
	GlobalSection(ProjectConfigurationPlatforms) = postSolution
		{AB3D37A1-FD38-4262-86EF-A74F78108BE7}.Debug|Any CPU.ActiveCfg = Debug|x86
		{AB3D37A1-FD38-4262-86EF-A74F78108BE7}.Debug|ARM.ActiveCfg = Debug|ARM
		{AB3D37A1-FD38-4262-86EF-A74F78108BE7}.Debug|ARM.Build.0 = Debug|ARM
		{AB3D37A1-FD38-4262-86EF-A74F78108BE7}.Debug|ARM.Deploy.0 = Debug|ARM
		{AB3D37A1-FD38-4262-86EF-A74F78108BE7}.Debug|x64.ActiveCfg = Debug|x64
		{AB3D37A1-FD38-4262-86EF-A74F78108BE7}.Debug|x64.Build.0 = Debug|x64
		{AB3D37A1-FD38-4262-86EF-A74F78108BE7}.Debug|x64.Deploy.0 = Debug|x64
		{AB3D37A1-FD38-4262-86EF-A74F78108BE7}.Debug|x86.ActiveCfg = Debug|x86
		{AB3D37A1-FD38-4262-86EF-A74F78108BE7}.Debug|x86.Build.0 = Debug|x86
		{AB3D37A1-FD38-4262-86EF-A74F78108BE7}.Debug|x86.Deploy.0 = Debug|x86
		{AB3D37A1-FD38-4262-86EF-A74F78108BE7}.Release|Any CPU.ActiveCfg = Release|x86
		{AB3D37A1-FD38-4262-86EF-A74F78108BE7}.Release|ARM.ActiveCfg = Release|ARM
		{AB3D37A1-FD38-4262-86EF-A74F78108BE7}.Release|ARM.Build.0 = Release|ARM
		{AB3D37A1-FD38-4262-86EF-A74F78108BE7}.Release|ARM.Deploy.0 = Release|ARM
		{AB3D37A1-FD38-4262-86EF-A74F78108BE7}.Release|x64.ActiveCfg = Release|x64
		{AB3D37A1-FD38-4262-86EF-A74F78108BE7}.Release|x64.Build.0 = Release|x64
		{AB3D37A1-FD38-4262-86EF-A74F78108BE7}.Release|x64.Deploy.0 = Release|x64
		{AB3D37A1-FD38-4262-86EF-A74F78108BE7}.Release|x86.ActiveCfg = Release|x86
		{AB3D37A1-FD38-4262-86EF-A74F78108BE7}.Release|x86.Build.0 = Release|x86
		{AB3D37A1-FD38-4262-86EF-A74F78108BE7}.Release|x86.Deploy.0 = Release|x86
		{60EBA2C8-2025-4338-B2B0-373DA77AE3F5}.Debug|Any CPU.ActiveCfg = Debug|Any CPU
		{60EBA2C8-2025-4338-B2B0-373DA77AE3F5}.Debug|Any CPU.Build.0 = Debug|Any CPU
		{60EBA2C8-2025-4338-B2B0-373DA77AE3F5}.Debug|ARM.ActiveCfg = Debug|ARM
		{60EBA2C8-2025-4338-B2B0-373DA77AE3F5}.Debug|ARM.Build.0 = Debug|ARM
		{60EBA2C8-2025-4338-B2B0-373DA77AE3F5}.Debug|x64.ActiveCfg = Debug|x64
		{60EBA2C8-2025-4338-B2B0-373DA77AE3F5}.Debug|x64.Build.0 = Debug|x64
		{60EBA2C8-2025-4338-B2B0-373DA77AE3F5}.Debug|x86.ActiveCfg = Debug|x86
		{60EBA2C8-2025-4338-B2B0-373DA77AE3F5}.Debug|x86.Build.0 = Debug|x86
		{60EBA2C8-2025-4338-B2B0-373DA77AE3F5}.Release|Any CPU.ActiveCfg = Release|Any CPU
		{60EBA2C8-2025-4338-B2B0-373DA77AE3F5}.Release|Any CPU.Build.0 = Release|Any CPU
		{60EBA2C8-2025-4338-B2B0-373DA77AE3F5}.Release|ARM.ActiveCfg = Release|ARM
		{60EBA2C8-2025-4338-B2B0-373DA77AE3F5}.Release|ARM.Build.0 = Release|ARM
		{60EBA2C8-2025-4338-B2B0-373DA77AE3F5}.Release|x64.ActiveCfg = Release|x64
		{60EBA2C8-2025-4338-B2B0-373DA77AE3F5}.Release|x64.Build.0 = Release|x64
		{60EBA2C8-2025-4338-B2B0-373DA77AE3F5}.Release|x86.ActiveCfg = Release|x86
		{60EBA2C8-2025-4338-B2B0-373DA77AE3F5}.Release|x86.Build.0 = Release|x86
		{58B714A3-9384-468B-9A92-E6EF74814151}.Debug|Any CPU.ActiveCfg = Debug|Any CPU
		{58B714A3-9384-468B-9A92-E6EF74814151}.Debug|Any CPU.Build.0 = Debug|Any CPU
		{58B714A3-9384-468B-9A92-E6EF74814151}.Debug|Any CPU.Deploy.0 = Debug|Any CPU
		{58B714A3-9384-468B-9A92-E6EF74814151}.Debug|ARM.ActiveCfg = Debug|Any CPU
		{58B714A3-9384-468B-9A92-E6EF74814151}.Debug|ARM.Build.0 = Debug|Any CPU
		{58B714A3-9384-468B-9A92-E6EF74814151}.Debug|ARM.Deploy.0 = Debug|Any CPU
		{58B714A3-9384-468B-9A92-E6EF74814151}.Debug|x64.ActiveCfg = Debug|Any CPU
		{58B714A3-9384-468B-9A92-E6EF74814151}.Debug|x64.Build.0 = Debug|Any CPU
		{58B714A3-9384-468B-9A92-E6EF74814151}.Debug|x64.Deploy.0 = Debug|Any CPU
		{58B714A3-9384-468B-9A92-E6EF74814151}.Debug|x86.ActiveCfg = Debug|Any CPU
		{58B714A3-9384-468B-9A92-E6EF74814151}.Debug|x86.Build.0 = Debug|Any CPU
		{58B714A3-9384-468B-9A92-E6EF74814151}.Debug|x86.Deploy.0 = Debug|Any CPU
		{58B714A3-9384-468B-9A92-E6EF74814151}.Release|Any CPU.ActiveCfg = Release|Any CPU
		{58B714A3-9384-468B-9A92-E6EF74814151}.Release|Any CPU.Build.0 = Release|Any CPU
		{58B714A3-9384-468B-9A92-E6EF74814151}.Release|Any CPU.Deploy.0 = Release|Any CPU
		{58B714A3-9384-468B-9A92-E6EF74814151}.Release|ARM.ActiveCfg = Release|Any CPU
		{58B714A3-9384-468B-9A92-E6EF74814151}.Release|ARM.Build.0 = Release|Any CPU
		{58B714A3-9384-468B-9A92-E6EF74814151}.Release|ARM.Deploy.0 = Release|Any CPU
		{58B714A3-9384-468B-9A92-E6EF74814151}.Release|x64.ActiveCfg = Release|Any CPU
		{58B714A3-9384-468B-9A92-E6EF74814151}.Release|x64.Build.0 = Release|Any CPU
		{58B714A3-9384-468B-9A92-E6EF74814151}.Release|x64.Deploy.0 = Release|Any CPU
		{58B714A3-9384-468B-9A92-E6EF74814151}.Release|x86.ActiveCfg = Release|Any CPU
		{58B714A3-9384-468B-9A92-E6EF74814151}.Release|x86.Build.0 = Release|Any CPU
		{58B714A3-9384-468B-9A92-E6EF74814151}.Release|x86.Deploy.0 = Release|Any CPU
	EndGlobalSection
	GlobalSection(SolutionProperties) = preSolution
		HideSolutionNode = FALSE
	EndGlobalSection
	GlobalSection(ExtensibilityGlobals) = postSolution
		SolutionGuid = {D86A678D-A85A-4F77-A8EE-FA7816F3C92C}
	EndGlobalSection
EndGlobal
